
Microsoft Visual Studio Solution File, Format Version 12.00
Project("{FAE04EC0-301F-11D3-BF4B-00C04F79EFBC}") = "Server", "Server\Server.csproj", "{E6D80FFC-69C8-4448-A264-9C503082A065}"
EndProject
Project("{FAE04EC0-301F-11D3-BF4B-00C04F79EFBC}") = "Client", "Client\Client.csproj", "{89FC5844-EB51-4156-BE63-BCEA9249DFD2}"
EndProject
Global
	GlobalSection(SolutionConfigurationPlatforms) = preSolution
		Debug|Any CPU = Debug|Any CPU
		Debug|x64 = Debug|x64
		Debug|x86 = Debug|x86
		Release|Any CPU = Release|Any CPU
		Release|x64 = Release|x64
		Release|x86 = Release|x86
	EndGlobalSection
	GlobalSection(ProjectConfigurationPlatforms) = postSolution
		{E6D80FFC-69C8-4448-A264-9C503082A065}.Debug|Any CPU.ActiveCfg = Debug|Any CPU
		{E6D80FFC-69C8-4448-A264-9C503082A065}.Debug|Any CPU.Build.0 = Debug|Any CPU
		{E6D80FFC-69C8-4448-A264-9C503082A065}.Debug|x64.ActiveCfg = Debug|Any CPU
		{E6D80FFC-69C8-4448-A264-9C503082A065}.Debug|x64.Build.0 = Debug|Any CPU
		{E6D80FFC-69C8-4448-A264-9C503082A065}.Debug|x86.ActiveCfg = Debug|Any CPU
		{E6D80FFC-69C8-4448-A264-9C503082A065}.Debug|x86.Build.0 = Debug|Any CPU
		{E6D80FFC-69C8-4448-A264-9C503082A065}.Release|Any CPU.ActiveCfg = Release|Any CPU
		{E6D80FFC-69C8-4448-A264-9C503082A065}.Release|Any CPU.Build.0 = Release|Any CPU
		{E6D80FFC-69C8-4448-A264-9C503082A065}.Release|x64.ActiveCfg = Release|Any CPU
		{E6D80FFC-69C8-4448-A264-9C503082A065}.Release|x64.Build.0 = Release|Any CPU
		{E6D80FFC-69C8-4448-A264-9C503082A065}.Release|x86.ActiveCfg = Release|Any CPU
		{E6D80FFC-69C8-4448-A264-9C503082A065}.Release|x86.Build.0 = Release|Any CPU
		{89FC5844-EB51-4156-BE63-BCEA9249DFD2}.Debug|Any CPU.ActiveCfg = Debug|Any CPU
		{89FC5844-EB51-4156-BE63-BCEA9249DFD2}.Debug|Any CPU.Build.0 = Debug|Any CPU
		{89FC5844-EB51-4156-BE63-BCEA9249DFD2}.Debug|x64.ActiveCfg = Debug|Any CPU
		{89FC5844-EB51-4156-BE63-BCEA9249DFD2}.Debug|x64.Build.0 = Debug|Any CPU
		{89FC5844-EB51-4156-BE63-BCEA9249DFD2}.Debug|x86.ActiveCfg = Debug|Any CPU
		{89FC5844-EB51-4156-BE63-BCEA9249DFD2}.Debug|x86.Build.0 = Debug|Any CPU
		{89FC5844-EB51-4156-BE63-BCEA9249DFD2}.Release|Any CPU.ActiveCfg = Release|Any CPU
		{89FC5844-EB51-4156-BE63-BCEA9249DFD2}.Release|Any CPU.Build.0 = Release|Any CPU
		{89FC5844-EB51-4156-BE63-BCEA9249DFD2}.Release|x64.ActiveCfg = Release|Any CPU
		{89FC5844-EB51-4156-BE63-BCEA9249DFD2}.Release|x64.Build.0 = Release|Any CPU
		{89FC5844-EB51-4156-BE63-BCEA9249DFD2}.Release|x86.ActiveCfg = Release|Any CPU
		{89FC5844-EB51-4156-BE63-BCEA9249DFD2}.Release|x86.Build.0 = Release|Any CPU
	EndGlobalSection
	GlobalSection(SolutionProperties) = preSolution
		HideSolutionNode = FALSE
	EndGlobalSection
EndGlobal
